
Microsoft Visual Studio Solution File, Format Version 12.00
# Visual Studio Version 16
VisualStudioVersion = 16.0.30907.101
MinimumVisualStudioVersion = 10.0.40219.1
Project("{FAE04EC0-301F-11D3-BF4B-00C04F79EFBC}") = "BlogApi", "BlogApi.csproj", "{0FCD123F-8BB6-4F3D-8DFA-FE5B647D27D3}"
EndProject
Global
	GlobalSection(SolutionConfigurationPlatforms) = preSolution
		Debug|Any CPU = Debug|Any CPU
		Release|Any CPU = Release|Any CPU
	EndGlobalSection
	GlobalSection(ProjectConfigurationPlatforms) = postSolution
		{0FCD123F-8BB6-4F3D-8DFA-FE5B647D27D3}.Debug|Any CPU.ActiveCfg = Debug|Any CPU
		{0FCD123F-8BB6-4F3D-8DFA-FE5B647D27D3}.Debug|Any CPU.Build.0 = Debug|Any CPU
		{0FCD123F-8BB6-4F3D-8DFA-FE5B647D27D3}.Release|Any CPU.ActiveCfg = Release|Any CPU
		{0FCD123F-8BB6-4F3D-8DFA-FE5B647D27D3}.Release|Any CPU.Build.0 = Release|Any CPU
	EndGlobalSection
	GlobalSection(SolutionProperties) = preSolution
		HideSolutionNode = FALSE
	EndGlobalSection
	GlobalSection(ExtensibilityGlobals) = postSolution
		SolutionGuid = {7A4E5B7E-F175-412F-BE57-EB2E94C1D6D6}
	EndGlobalSection
EndGlobal
